
Microsoft Visual Studio Solution File, Format Version 12.00
# Visual Studio Version 16
VisualStudioVersion = 16.0.30907.101
MinimumVisualStudioVersion = 10.0.40219.1
Project("{FAE04EC0-301F-11D3-BF4B-00C04F79EFBC}") = "WebApplication3", "WebApplication3\WebApplication3.csproj", "{1DE2F856-6F2A-4298-AA54-78145BEAFC60}"
EndProject
Global
	GlobalSection(SolutionConfigurationPlatforms) = preSolution
		Debug|Any CPU = Debug|Any CPU
		Release|Any CPU = Release|Any CPU
	EndGlobalSection
	GlobalSection(ProjectConfigurationPlatforms) = postSolution
		{1DE2F856-6F2A-4298-AA54-78145BEAFC60}.Debug|Any CPU.ActiveCfg = Debug|Any CPU
		{1DE2F856-6F2A-4298-AA54-78145BEAFC60}.Debug|Any CPU.Build.0 = Debug|Any CPU
		{1DE2F856-6F2A-4298-AA54-78145BEAFC60}.Release|Any CPU.ActiveCfg = Release|Any CPU
		{1DE2F856-6F2A-4298-AA54-78145BEAFC60}.Release|Any CPU.Build.0 = Release|Any CPU
	EndGlobalSection
	GlobalSection(SolutionProperties) = preSolution
		HideSolutionNode = FALSE
	EndGlobalSection
	GlobalSection(ExtensibilityGlobals) = postSolution
		SolutionGuid = {DB6A96FE-4D32-4357-8624-B93EBA474F92}
	EndGlobalSection
EndGlobal
